
Microsoft Visual Studio Solution File, Format Version 12.00
# Visual Studio Version 16
VisualStudioVersion = 16.0.33027.164
MinimumVisualStudioVersion = 10.0.40219.1
Project("{FAE04EC0-301F-11D3-BF4B-00C04F79EFBC}") = "Linear-List-Example", "ConsoleApp1\Linear-List-Example.csproj", "{D42796F9-1E25-47EB-A584-6049F26A9FDA}"
EndProject
Global
	GlobalSection(SolutionConfigurationPlatforms) = preSolution
		Debug|Any CPU = Debug|Any CPU
		Release|Any CPU = Release|Any CPU
	EndGlobalSection
	GlobalSection(ProjectConfigurationPlatforms) = postSolution
		{D42796F9-1E25-47EB-A584-6049F26A9FDA}.Debug|Any CPU.ActiveCfg = Debug|Any CPU
		{D42796F9-1E25-47EB-A584-6049F26A9FDA}.Debug|Any CPU.Build.0 = Debug|Any CPU
		{D42796F9-1E25-47EB-A584-6049F26A9FDA}.Release|Any CPU.ActiveCfg = Release|Any CPU
		{D42796F9-1E25-47EB-A584-6049F26A9FDA}.Release|Any CPU.Build.0 = Release|Any CPU
	EndGlobalSection
	GlobalSection(SolutionProperties) = preSolution
		HideSolutionNode = FALSE
	EndGlobalSection
	GlobalSection(ExtensibilityGlobals) = postSolution
		SolutionGuid = {5BAF54CD-FA9C-43E6-97A4-BB66571FFAE5}
	EndGlobalSection
EndGlobal
